{
  "version": "5",
  "specifiers": {
    "npm:@supabase/supabase-js@^2.93.3": "2.93.3"
  },
  "npm": {
    "@supabase/auth-js@2.93.3": {
      "integrity": "sha512-JdnkHZPKexVGSNONtu89RHU4bxz3X9kxx+f5ZnR5osoCIX+vs/MckwWRPZEybAEvlJXt5xjomDb3IB876QCxWQ==",
      "dependencies": [
        "tslib"
      ]
    },
    "@supabase/functions-js@2.93.3": {
      "integrity": "sha512-qWO0gHNDm/5jRjROv/nv9L6sYabCWS1kzorOLUv3kqCwRvEJLYZga93ppJPrZwOgoZfXmJzvpjY8fODA4HQfBw==",
      "dependencies": [
        "tslib"
      ]
    },
    "@supabase/postgrest-js@2.93.3": {
      "integrity": "sha512-+iJ96g94skO2e4clsRSmEXg22NUOjh9BziapsJSAvnB1grOBf/BA8vGtCHjNOA+Z6lvKXL1jwBqcL9+fS1W/Lg==",
      "dependencies": [
        "tslib"
      ]
    },
    "@supabase/realtime-js@2.93.3": {
      "integrity": "sha512-gnYpcFzwy8IkezRP4CDbT5I8jOsiOjrWrqTY1B+7jIriXsnpifmlM6RRjLBm9oD7OwPG0/WksniGPdKW67sXOA==",
      "dependencies": [
        "@types/phoenix",
        "@types/ws",
        "tslib",
        "ws"
      ]
    },
    "@supabase/storage-js@2.93.3": {
      "integrity": "sha512-cw4qXiLrx3apglDM02Tx/w/stvFlrkKocC6vCvuFAz3JtVEl1zH8MUfDQDTH59kJAQVaVdbewrMWSoBob7REnA==",
      "dependencies": [
        "iceberg-js",
        "tslib"
      ]
    },
    "@supabase/supabase-js@2.93.3": {
      "integrity": "sha512-paUqEqdBI9ztr/4bbMoCgeJ6M8ZTm2fpfjSOlzarPuzYveKFM20ZfDZqUpi9CFfYagYj5Iv3m3ztUjaI9/tM1w==",
      "dependencies": [
        "@supabase/auth-js",
        "@supabase/functions-js",
        "@supabase/postgrest-js",
        "@supabase/realtime-js",
        "@supabase/storage-js"
      ]
    },
    "@types/node@25.2.0": {
      "integrity": "sha512-DZ8VwRFUNzuqJ5khrvwMXHmvPe+zGayJhr2CDNiKB1WBE1ST8Djl00D0IC4vvNmHMdj6DlbYRIaFE7WHjlDl5w==",
      "dependencies": [
        "undici-types"
      ]
    },
    "@types/phoenix@1.6.7": {
      "integrity": "sha512-oN9ive//QSBkf19rfDv45M7eZPi0eEXylht2OLEXicu5b4KoQ1OzXIw+xDSGWxSxe1JmepRR/ZH283vsu518/Q=="
    },
    "@types/ws@8.18.1": {
      "integrity": "sha512-ThVF6DCVhA8kUGy+aazFQ4kXQ7E1Ty7A3ypFOe0IcJV8O/M511G99AW24irKrW56Wt44yG9+ij8FaqoBGkuBXg==",
      "dependencies": [
        "@types/node"
      ]
    },
    "iceberg-js@0.8.1": {
      "integrity": "sha512-1dhVQZXhcHje7798IVM+xoo/1ZdVfzOMIc8/rgVSijRK38EDqOJoGula9N/8ZI5RD8QTxNQtK/Gozpr+qUqRRA=="
    },
    "tslib@2.8.1": {
      "integrity": "sha512-oJFu94HQb+KVduSUQL7wnpmqnfmLsOA/nAh6b6EH0wCEoK0/mPeXU6c3wKDV83MkOuHPRHtSXKKU99IBazS/2w=="
    },
    "undici-types@7.16.0": {
      "integrity": "sha512-Zz+aZWSj8LE6zoxD+xrjh4VfkIG8Ya6LvYkZqtUQGJPZjYl53ypCaUwWqo7eI0x66KBGeRo+mlBEkMSeSZ38Nw=="
    },
    "ws@8.19.0": {
      "integrity": "sha512-blAT2mjOEIi0ZzruJfIhb3nps74PRWTCz1IjglWEEpQl5XS/UNama6u2/rjFkDDouqr4L67ry+1aGIALViWjDg=="
    }
  },
  "workspace": {
    "dependencies": [
      "npm:@supabase/supabase-js@^2.93.3"
    ]
  }
}
